<?xml version="1.0" encoding="utf-8"?>
<Project ToolsVersion="4.0" xmlns="http://schemas.microsoft.com/developer/msbuild/2003">
  <ItemGroup>
    <ClCompile Include="pch.cpp" />
    <ClCompile Include="MatrixStringifierTest.cpp">
      <Filter>test_suite</Filter>
    </ClCompile>
    <ClCompile Include="RandomNumberSorterTest.cpp">
      <Filter>test_suite</Filter>
    </ClCompile>
  </ItemGroup>
  <ItemGroup>
    <ClInclude Include="pch.h" />
  </ItemGroup>
  <ItemGroup>
    <Filter Include="test_suite">
      <UniqueIdentifier>{4bd34ac3-27f5-4614-a183-4f51b53061fc}</UniqueIdentifier>
    </Filter>
  </ItemGroup>
  <ItemGroup>
    <None Include="packages.config" />
  </ItemGroup>
</Project>